
Microsoft Visual Studio Solution File, Format Version 12.00
# Visual Studio 15
Project("{FAE04EC0-301F-11D3-BF4B-00C04F79EFBC}") = "Assembly-CSharp", "Assembly-CSharp.csproj", "{AF4D60C7-A0D0-E071-51E7-D2F35B91F1C5}"
EndProject
Global
	GlobalSection(SolutionConfigurationPlatforms) = preSolution
		Debug|Any CPU = Debug|Any CPU
		Release|Any CPU = Release|Any CPU
	EndGlobalSection
	GlobalSection(ProjectConfigurationPlatforms) = postSolution
		{AF4D60C7-A0D0-E071-51E7-D2F35B91F1C5}.Debug|Any CPU.ActiveCfg = Debug|Any CPU
		{AF4D60C7-A0D0-E071-51E7-D2F35B91F1C5}.Debug|Any CPU.Build.0 = Debug|Any CPU
		{AF4D60C7-A0D0-E071-51E7-D2F35B91F1C5}.Release|Any CPU.ActiveCfg = Release|Any CPU
		{AF4D60C7-A0D0-E071-51E7-D2F35B91F1C5}.Release|Any CPU.Build.0 = Release|Any CPU
	EndGlobalSection
	GlobalSection(SolutionProperties) = preSolution
		HideSolutionNode = FALSE
	EndGlobalSection
EndGlobal
